
Microsoft Visual Studio Solution File, Format Version 12.00
# Visual Studio 15
VisualStudioVersion = 15.0.27130.2036
MinimumVisualStudioVersion = 10.0.40219.1
Project("{9A19103F-16F7-4668-BE54-9A1E7A4F7556}") = "DesignPatterns", "DesignPatterns\DesignPatterns.csproj", "{43D1FD8D-8546-4BCB-B737-41047E2830B4}"
EndProject
Project("{2150E333-8FDC-42A3-9474-1A3956D46DE8}") = "Creationals", "Creationals", "{65E79444-6B3C-4A18-B18B-6C0356276C72}"
EndProject
Project("{9A19103F-16F7-4668-BE54-9A1E7A4F7556}") = "AbstractFactory", "Abstract-Factory\AbstractFactory.csproj", "{0A93CB02-3D41-4C2F-82CB-6A416B6A9174}"
EndProject
Project("{2150E333-8FDC-42A3-9474-1A3956D46DE8}") = "Structural", "Structural", "{DAFF6EA6-C6EA-4D82-AF72-A21800B125F7}"
EndProject
Project("{9A19103F-16F7-4668-BE54-9A1E7A4F7556}") = "Composite", "Composite\Composite.csproj", "{EDF28E52-9D88-4E21-A0B6-1A8439647AED}"
EndProject
Project("{9A19103F-16F7-4668-BE54-9A1E7A4F7556}") = "Decorator", "Decorator\Decorator.csproj", "{0ED36E8E-5109-424F-B7E6-B6665BA40621}"
EndProject
Project("{2150E333-8FDC-42A3-9474-1A3956D46DE8}") = "Behaviorals", "Behaviorals", "{05C79C12-17D3-4BC7-933D-21EE8D5B0013}"
EndProject
Project("{9A19103F-16F7-4668-BE54-9A1E7A4F7556}") = "Iterator", "Iterator\Iterator.csproj", "{D3507160-5C01-489E-9944-5089F0B6EE23}"
EndProject
Project("{9A19103F-16F7-4668-BE54-9A1E7A4F7556}") = "Strategy", "Strategy\Strategy.csproj", "{DF402E01-5FBD-4253-AA68-B982A5BBC63C}"
EndProject
Project("{FAE04EC0-301F-11D3-BF4B-00C04F79EFBC}") = "FactoryMethod", "FactoryMethod\FactoryMethod.csproj", "{C40F9ECF-D84F-410B-A4DC-ABB18E18A4DB}"
EndProject
Global
	GlobalSection(SolutionConfigurationPlatforms) = preSolution
		Debug|Any CPU = Debug|Any CPU
		Release|Any CPU = Release|Any CPU
	EndGlobalSection
	GlobalSection(ProjectConfigurationPlatforms) = postSolution
		{43D1FD8D-8546-4BCB-B737-41047E2830B4}.Debug|Any CPU.ActiveCfg = Debug|Any CPU
		{43D1FD8D-8546-4BCB-B737-41047E2830B4}.Debug|Any CPU.Build.0 = Debug|Any CPU
		{43D1FD8D-8546-4BCB-B737-41047E2830B4}.Release|Any CPU.ActiveCfg = Release|Any CPU
		{43D1FD8D-8546-4BCB-B737-41047E2830B4}.Release|Any CPU.Build.0 = Release|Any CPU
		{0A93CB02-3D41-4C2F-82CB-6A416B6A9174}.Debug|Any CPU.ActiveCfg = Debug|Any CPU
		{0A93CB02-3D41-4C2F-82CB-6A416B6A9174}.Debug|Any CPU.Build.0 = Debug|Any CPU
		{0A93CB02-3D41-4C2F-82CB-6A416B6A9174}.Release|Any CPU.ActiveCfg = Release|Any CPU
		{0A93CB02-3D41-4C2F-82CB-6A416B6A9174}.Release|Any CPU.Build.0 = Release|Any CPU
		{EDF28E52-9D88-4E21-A0B6-1A8439647AED}.Debug|Any CPU.ActiveCfg = Debug|Any CPU
		{EDF28E52-9D88-4E21-A0B6-1A8439647AED}.Debug|Any CPU.Build.0 = Debug|Any CPU
		{EDF28E52-9D88-4E21-A0B6-1A8439647AED}.Release|Any CPU.ActiveCfg = Release|Any CPU
		{EDF28E52-9D88-4E21-A0B6-1A8439647AED}.Release|Any CPU.Build.0 = Release|Any CPU
		{0ED36E8E-5109-424F-B7E6-B6665BA40621}.Debug|Any CPU.ActiveCfg = Debug|Any CPU
		{0ED36E8E-5109-424F-B7E6-B6665BA40621}.Debug|Any CPU.Build.0 = Debug|Any CPU
		{0ED36E8E-5109-424F-B7E6-B6665BA40621}.Release|Any CPU.ActiveCfg = Release|Any CPU
		{0ED36E8E-5109-424F-B7E6-B6665BA40621}.Release|Any CPU.Build.0 = Release|Any CPU
		{D3507160-5C01-489E-9944-5089F0B6EE23}.Debug|Any CPU.ActiveCfg = Debug|Any CPU
		{D3507160-5C01-489E-9944-5089F0B6EE23}.Debug|Any CPU.Build.0 = Debug|Any CPU
		{D3507160-5C01-489E-9944-5089F0B6EE23}.Release|Any CPU.ActiveCfg = Release|Any CPU
		{D3507160-5C01-489E-9944-5089F0B6EE23}.Release|Any CPU.Build.0 = Release|Any CPU
		{DF402E01-5FBD-4253-AA68-B982A5BBC63C}.Debug|Any CPU.ActiveCfg = Debug|Any CPU
		{DF402E01-5FBD-4253-AA68-B982A5BBC63C}.Debug|Any CPU.Build.0 = Debug|Any CPU
		{DF402E01-5FBD-4253-AA68-B982A5BBC63C}.Release|Any CPU.ActiveCfg = Release|Any CPU
		{DF402E01-5FBD-4253-AA68-B982A5BBC63C}.Release|Any CPU.Build.0 = Release|Any CPU
		{C40F9ECF-D84F-410B-A4DC-ABB18E18A4DB}.Debug|Any CPU.ActiveCfg = Debug|Any CPU
		{C40F9ECF-D84F-410B-A4DC-ABB18E18A4DB}.Debug|Any CPU.Build.0 = Debug|Any CPU
		{C40F9ECF-D84F-410B-A4DC-ABB18E18A4DB}.Release|Any CPU.ActiveCfg = Release|Any CPU
		{C40F9ECF-D84F-410B-A4DC-ABB18E18A4DB}.Release|Any CPU.Build.0 = Release|Any CPU
	EndGlobalSection
	GlobalSection(SolutionProperties) = preSolution
		HideSolutionNode = FALSE
	EndGlobalSection
	GlobalSection(NestedProjects) = preSolution
		{0A93CB02-3D41-4C2F-82CB-6A416B6A9174} = {65E79444-6B3C-4A18-B18B-6C0356276C72}
		{EDF28E52-9D88-4E21-A0B6-1A8439647AED} = {DAFF6EA6-C6EA-4D82-AF72-A21800B125F7}
		{0ED36E8E-5109-424F-B7E6-B6665BA40621} = {DAFF6EA6-C6EA-4D82-AF72-A21800B125F7}
		{D3507160-5C01-489E-9944-5089F0B6EE23} = {05C79C12-17D3-4BC7-933D-21EE8D5B0013}
		{DF402E01-5FBD-4253-AA68-B982A5BBC63C} = {05C79C12-17D3-4BC7-933D-21EE8D5B0013}
		{C40F9ECF-D84F-410B-A4DC-ABB18E18A4DB} = {65E79444-6B3C-4A18-B18B-6C0356276C72}
	EndGlobalSection
	GlobalSection(ExtensibilityGlobals) = postSolution
		SolutionGuid = {C451BDA6-1B06-4E10-A174-74A134D96423}
	EndGlobalSection
EndGlobal
